
Microsoft Visual Studio Solution File, Format Version 12.00
# Visual Studio Version 17
VisualStudioVersion = 17.5.002.0
MinimumVisualStudioVersion = 10.0.40219.1
Project("{9A19103F-16F7-4668-BE54-9A1E7A4F7556}") = "Cuenta Bancaria Private", "Cuenta Bancaria Private.csproj", "{0C348E09-46CA-4A71-BCA6-E14CB603D7B1}"
EndProject
Global
	GlobalSection(SolutionConfigurationPlatforms) = preSolution
		Debug|Any CPU = Debug|Any CPU
		Release|Any CPU = Release|Any CPU
	EndGlobalSection
	GlobalSection(ProjectConfigurationPlatforms) = postSolution
		{0C348E09-46CA-4A71-BCA6-E14CB603D7B1}.Debug|Any CPU.ActiveCfg = Debug|Any CPU
		{0C348E09-46CA-4A71-BCA6-E14CB603D7B1}.Debug|Any CPU.Build.0 = Debug|Any CPU
		{0C348E09-46CA-4A71-BCA6-E14CB603D7B1}.Release|Any CPU.ActiveCfg = Release|Any CPU
		{0C348E09-46CA-4A71-BCA6-E14CB603D7B1}.Release|Any CPU.Build.0 = Release|Any CPU
	EndGlobalSection
	GlobalSection(SolutionProperties) = preSolution
		HideSolutionNode = FALSE
	EndGlobalSection
	GlobalSection(ExtensibilityGlobals) = postSolution
		SolutionGuid = {28F8F65B-880D-4C6F-8D54-F73B5AE60F18}
	EndGlobalSection
EndGlobal
